# generated by rye
# use `rye lock` or `rye sync` to update this lockfile
#
# last locked with the following flags:
#   pre: false
#   features: []
#   all-features: false
#   with-sources: false
#   generate-hashes: false

asgiref==3.8.1
    # via channels
    # via channels-redis
    # via daphne
    # via django
attrs==23.2.0
    # via automat
    # via service-identity
    # via twisted
autobahn==23.6.2
    # via daphne
automat==22.10.0
    # via twisted
cffi==1.16.0
    # via cryptography
channels==4.1.0
    # via channels-redis
channels-redis==4.2.0
constantly==23.10.4
    # via twisted
cryptography==42.0.8
    # via autobahn
    # via pyopenssl
    # via service-identity
daphne==4.1.2
    # via channels
django==5.0.7
    # via channels
hyperlink==21.0.0
    # via autobahn
    # via twisted
idna==3.7
    # via hyperlink
    # via twisted
incremental==22.10.0
    # via twisted
msgpack==1.0.8
    # via channels-redis
pyasn1==0.6.0
    # via pyasn1-modules
    # via service-identity
pyasn1-modules==0.4.0
    # via service-identity
pycparser==2.22
    # via cffi
pyopenssl==24.1.0
    # via twisted
python-dotenv==1.0.1
redis==5.0.7
    # via channels-redis
service-identity==24.1.0
    # via twisted
setuptools==70.3.0
    # via autobahn
    # via zope-interface
six==1.16.0
    # via automat
sqlparse==0.5.0
    # via django
twisted==24.3.0
    # via daphne
txaio==23.1.1
    # via autobahn
typing-extensions==4.12.2
    # via twisted
zope-interface==6.4.post2
    # via twisted
